
Microsoft Visual Studio Solution File, Format Version 12.00
# Visual Studio Version 17
VisualStudioVersion = 17.12.35707.178
MinimumVisualStudioVersion = 10.0.40219.1
Project("{FAE04EC0-301F-11D3-BF4B-00C04F79EFBC}") = "Projet_Easy_Save_grp_4", "Projet_Easy_Save_grp_4.csproj", "{139BA1E5-5335-4121-8BE7-FE351F9EA82E}"
EndProject
Project("{FAE04EC0-301F-11D3-BF4B-00C04F79EFBC}") = "LogClassLibrary", "..\LogClassLibrary\LogClassLibrary.csproj", "{3E777A3C-FF5D-45B8-A6A5-48D7EBA4BF37}"
EndProject
Global
	GlobalSection(SolutionConfigurationPlatforms) = preSolution
		Debug|Any CPU = Debug|Any CPU
		Release|Any CPU = Release|Any CPU
	EndGlobalSection
	GlobalSection(ProjectConfigurationPlatforms) = postSolution
		{139BA1E5-5335-4121-8BE7-FE351F9EA82E}.Debug|Any CPU.ActiveCfg = Debug|Any CPU
		{139BA1E5-5335-4121-8BE7-FE351F9EA82E}.Debug|Any CPU.Build.0 = Debug|Any CPU
		{139BA1E5-5335-4121-8BE7-FE351F9EA82E}.Release|Any CPU.ActiveCfg = Release|Any CPU
		{139BA1E5-5335-4121-8BE7-FE351F9EA82E}.Release|Any CPU.Build.0 = Release|Any CPU
		{3E777A3C-FF5D-45B8-A6A5-48D7EBA4BF37}.Debug|Any CPU.ActiveCfg = Debug|Any CPU
		{3E777A3C-FF5D-45B8-A6A5-48D7EBA4BF37}.Debug|Any CPU.Build.0 = Debug|Any CPU
		{3E777A3C-FF5D-45B8-A6A5-48D7EBA4BF37}.Release|Any CPU.ActiveCfg = Release|Any CPU
		{3E777A3C-FF5D-45B8-A6A5-48D7EBA4BF37}.Release|Any CPU.Build.0 = Release|Any CPU
	EndGlobalSection
	GlobalSection(SolutionProperties) = preSolution
		HideSolutionNode = FALSE
	EndGlobalSection
EndGlobal
